
Microsoft Visual Studio Solution File, Format Version 12.00
# Visual Studio Version 17
VisualStudioVersion = 17.0.31903.59
MinimumVisualStudioVersion = 10.0.40219.1
Project("{FAE04EC0-301F-11D3-BF4B-00C04F79EFBC}") = "DotNetDemoApi", "DotNetDemoApi\DotNetDemoApi.csproj", "{85802340-2CB9-4CEF-8F20-1D2218D8E05D}"
EndProject
Project("{FAE04EC0-301F-11D3-BF4B-00C04F79EFBC}") = "DotNetDemoApi.Tests", "DotNetDemoApi.Tests\DotNetDemoApi.Tests.csproj", "{CF98C5DA-4347-4A8E-9C2A-180D6741E7F6}"
EndProject
Global
	GlobalSection(SolutionConfigurationPlatforms) = preSolution
		Debug|Any CPU = Debug|Any CPU
		Release|Any CPU = Release|Any CPU
	EndGlobalSection
	GlobalSection(SolutionProperties) = preSolution
		HideSolutionNode = FALSE
	EndGlobalSection
	GlobalSection(ProjectConfigurationPlatforms) = postSolution
		{85802340-2CB9-4CEF-8F20-1D2218D8E05D}.Debug|Any CPU.ActiveCfg = Debug|Any CPU
		{85802340-2CB9-4CEF-8F20-1D2218D8E05D}.Debug|Any CPU.Build.0 = Debug|Any CPU
		{85802340-2CB9-4CEF-8F20-1D2218D8E05D}.Release|Any CPU.ActiveCfg = Release|Any CPU
		{85802340-2CB9-4CEF-8F20-1D2218D8E05D}.Release|Any CPU.Build.0 = Release|Any CPU
		{CF98C5DA-4347-4A8E-9C2A-180D6741E7F6}.Debug|Any CPU.ActiveCfg = Debug|Any CPU
		{CF98C5DA-4347-4A8E-9C2A-180D6741E7F6}.Debug|Any CPU.Build.0 = Debug|Any CPU
		{CF98C5DA-4347-4A8E-9C2A-180D6741E7F6}.Release|Any CPU.ActiveCfg = Release|Any CPU
		{CF98C5DA-4347-4A8E-9C2A-180D6741E7F6}.Release|Any CPU.Build.0 = Release|Any CPU
	EndGlobalSection
EndGlobal
